
Microsoft Visual Studio Solution File, Format Version 12.00
# Visual Studio Version 16
VisualStudioVersion = 16.0.31112.23
MinimumVisualStudioVersion = 10.0.40219.1
Project("{FAE04EC0-301F-11D3-BF4B-00C04F79EFBC}") = "GeneralStore.MVC", "GeneralStore.MVC\GeneralStore.MVC.csproj", "{D91481DF-AD56-4F8D-ABD8-372EA8A24D07}"
EndProject
Global
	GlobalSection(SolutionConfigurationPlatforms) = preSolution
		Debug|Any CPU = Debug|Any CPU
		Release|Any CPU = Release|Any CPU
	EndGlobalSection
	GlobalSection(ProjectConfigurationPlatforms) = postSolution
		{D91481DF-AD56-4F8D-ABD8-372EA8A24D07}.Debug|Any CPU.ActiveCfg = Debug|Any CPU
		{D91481DF-AD56-4F8D-ABD8-372EA8A24D07}.Debug|Any CPU.Build.0 = Debug|Any CPU
		{D91481DF-AD56-4F8D-ABD8-372EA8A24D07}.Release|Any CPU.ActiveCfg = Release|Any CPU
		{D91481DF-AD56-4F8D-ABD8-372EA8A24D07}.Release|Any CPU.Build.0 = Release|Any CPU
	EndGlobalSection
	GlobalSection(SolutionProperties) = preSolution
		HideSolutionNode = FALSE
	EndGlobalSection
	GlobalSection(ExtensibilityGlobals) = postSolution
		SolutionGuid = {910B1B36-722B-4588-851A-2736F88FE554}
	EndGlobalSection
EndGlobal
